
Microsoft Visual Studio Solution File, Format Version 12.00
# Visual Studio 2013
VisualStudioVersion = 12.0.21005.1
MinimumVisualStudioVersion = 10.0.40219.1
Project("{FAE04EC0-301F-11D3-BF4B-00C04F79EFBC}") = "Ex04.Menus.Interfaces", "Ex04.Menus.Interfaces\Ex04.Menus.Interfaces.csproj", "{B41F9A7E-1317-4D2C-9D8A-3184C5BD11E7}"
EndProject
Project("{FAE04EC0-301F-11D3-BF4B-00C04F79EFBC}") = "Ex04.Menus.Delegates", "Ex04.Menus.Delegates\Ex04.Menus.Delegates.csproj", "{E3AF03C8-7E48-471D-8482-3EF92A545762}"
EndProject
Project("{FAE04EC0-301F-11D3-BF4B-00C04F79EFBC}") = "Ex04.Menus.Test", "Ex04.Menus.Test\Ex04.Menus.Test.csproj", "{0420FE41-5273-489A-A31C-43972FF4F671}"
EndProject
Global
	GlobalSection(SolutionConfigurationPlatforms) = preSolution
		Debug|Any CPU = Debug|Any CPU
		Release|Any CPU = Release|Any CPU
	EndGlobalSection
	GlobalSection(ProjectConfigurationPlatforms) = postSolution
		{B41F9A7E-1317-4D2C-9D8A-3184C5BD11E7}.Debug|Any CPU.ActiveCfg = Debug|Any CPU
		{B41F9A7E-1317-4D2C-9D8A-3184C5BD11E7}.Debug|Any CPU.Build.0 = Debug|Any CPU
		{B41F9A7E-1317-4D2C-9D8A-3184C5BD11E7}.Release|Any CPU.ActiveCfg = Release|Any CPU
		{B41F9A7E-1317-4D2C-9D8A-3184C5BD11E7}.Release|Any CPU.Build.0 = Release|Any CPU
		{E3AF03C8-7E48-471D-8482-3EF92A545762}.Debug|Any CPU.ActiveCfg = Debug|Any CPU
		{E3AF03C8-7E48-471D-8482-3EF92A545762}.Debug|Any CPU.Build.0 = Debug|Any CPU
		{E3AF03C8-7E48-471D-8482-3EF92A545762}.Release|Any CPU.ActiveCfg = Release|Any CPU
		{E3AF03C8-7E48-471D-8482-3EF92A545762}.Release|Any CPU.Build.0 = Release|Any CPU
		{0420FE41-5273-489A-A31C-43972FF4F671}.Debug|Any CPU.ActiveCfg = Debug|Any CPU
		{0420FE41-5273-489A-A31C-43972FF4F671}.Debug|Any CPU.Build.0 = Debug|Any CPU
		{0420FE41-5273-489A-A31C-43972FF4F671}.Release|Any CPU.ActiveCfg = Release|Any CPU
		{0420FE41-5273-489A-A31C-43972FF4F671}.Release|Any CPU.Build.0 = Release|Any CPU
	EndGlobalSection
	GlobalSection(SolutionProperties) = preSolution
		HideSolutionNode = FALSE
	EndGlobalSection
EndGlobal
