
Microsoft Visual Studio Solution File, Format Version 12.00
# Visual Studio 2013
VisualStudioVersion = 12.0.31101.0
MinimumVisualStudioVersion = 10.0.40219.1
Project("{FAE04EC0-301F-11D3-BF4B-00C04F79EFBC}") = "Ex03.GarageLogic", "Ex03.GarageLogic\Ex03.GarageLogic.csproj", "{93325A5B-5B97-40D0-A33C-B5107B4A2704}"
EndProject
Project("{FAE04EC0-301F-11D3-BF4B-00C04F79EFBC}") = "Ex03.GarageManagementSystem.ConsoleUI", "Ex03.GarageManagementSystem.ConsoleUI\Ex03.GarageManagementSystem.ConsoleUI.csproj", "{735A3294-C6E1-43FD-8B28-1A63F0991E8D}"
EndProject
Project("{2150E333-8FDC-42A3-9474-1A3956D46DE8}") = "Solution Items", "Solution Items", "{9AD7EFEC-2CCC-41B4-9FEF-0B000845C1D0}"
	ProjectSection(SolutionItems) = preProject
		TextFile1.txt = TextFile1.txt
	EndProjectSection
EndProject
Global
	GlobalSection(SolutionConfigurationPlatforms) = preSolution
		Debug|Any CPU = Debug|Any CPU
		Release|Any CPU = Release|Any CPU
	EndGlobalSection
	GlobalSection(ProjectConfigurationPlatforms) = postSolution
		{93325A5B-5B97-40D0-A33C-B5107B4A2704}.Debug|Any CPU.ActiveCfg = Debug|Any CPU
		{93325A5B-5B97-40D0-A33C-B5107B4A2704}.Debug|Any CPU.Build.0 = Debug|Any CPU
		{93325A5B-5B97-40D0-A33C-B5107B4A2704}.Release|Any CPU.ActiveCfg = Release|Any CPU
		{93325A5B-5B97-40D0-A33C-B5107B4A2704}.Release|Any CPU.Build.0 = Release|Any CPU
		{735A3294-C6E1-43FD-8B28-1A63F0991E8D}.Debug|Any CPU.ActiveCfg = Debug|Any CPU
		{735A3294-C6E1-43FD-8B28-1A63F0991E8D}.Debug|Any CPU.Build.0 = Debug|Any CPU
		{735A3294-C6E1-43FD-8B28-1A63F0991E8D}.Release|Any CPU.ActiveCfg = Release|Any CPU
		{735A3294-C6E1-43FD-8B28-1A63F0991E8D}.Release|Any CPU.Build.0 = Release|Any CPU
	EndGlobalSection
	GlobalSection(SolutionProperties) = preSolution
		HideSolutionNode = FALSE
	EndGlobalSection
EndGlobal
